<?xml version="1.0" encoding="utf-8"?>
<Project ToolsVersion="4.0" xmlns="http://schemas.microsoft.com/developer/msbuild/2003">
  <ItemGroup>
    <Filter Include="Source Files">
      <UniqueIdentifier>{4FC737F1-C7A5-4376-A066-2A32D752A2FF}</UniqueIdentifier>
      <Extensions>cpp;c;cc;cxx;c++;cppm;ixx;def;odl;idl;hpj;bat;asm;asmx</Extensions>
    </Filter>
    <Filter Include="Resource Files">
      <UniqueIdentifier>{67DA6AB6-F800-4c08-8B7A-83BB121AAD01}</UniqueIdentifier>
      <Extensions>rc;ico;cur;bmp;dlg;rc2;rct;bin;rgs;gif;jpg;jpeg;jpe;resx;tiff;tif;png;wav;mfcribbon-ms</Extensions>
    </Filter>
    <Filter Include="source">
      <UniqueIdentifier>{556ed048-d048-4890-a5a6-4966691db9f5}</UniqueIdentifier>
    </Filter>
    <Filter Include="headers">
      <UniqueIdentifier>{15544307-ea9d-45cd-b834-8f6f2e463d8d}</UniqueIdentifier>
    </Filter>
  </ItemGroup>
  <ItemGroup>
    <ClInclude Include="..\..\include\cnn.hpp">
      <Filter>headers</Filter>
    </ClInclude>
    <ClInclude Include="..\..\include\common.hpp">
      <Filter>headers</Filter>
    </ClInclude>
    <ClInclude Include="..\..\include\ext_ops.hpp">
      <Filter>headers</Filter>
    </ClInclude>
    <ClInclude Include="..\..\include\ns_bmp.hpp">
      <Filter>headers</Filter>
    </ClInclude>
    <ClInclude Include="..\..\include\ns_register.hpp">
      <Filter>headers</Filter>
    </ClInclude>
    <ClInclude Include="..\..\include\ns_utils.hpp">
      <Filter>headers</Filter>
    </ClInclude>
    <ClInclude Include="..\..\include\ocv_common.hpp">
      <Filter>headers</Filter>
    </ClInclude>
    <ClInclude Include="..\..\include\ovmatter.h">
      <Filter>headers</Filter>
    </ClInclude>
    <ClInclude Include="framework.h">
      <Filter>Source Files</Filter>
    </ClInclude>
    <ClInclude Include="pch.h">
      <Filter>Source Files</Filter>
    </ClInclude>
    <ClInclude Include="..\..\include\ovmatter_bgv2_impl.hpp">
      <Filter>headers</Filter>
    </ClInclude>
    <ClInclude Include="..\..\include\ovmatter_base_impl.hpp">
      <Filter>headers</Filter>
    </ClInclude>
    <ClInclude Include="..\..\include\cnn_backgroundv2.hpp">
      <Filter>headers</Filter>
    </ClInclude>
  </ItemGroup>
  <ItemGroup>
    <ClCompile Include="dllmain.cpp">
      <Filter>Source Files</Filter>
    </ClCompile>
    <ClCompile Include="pch.cpp">
      <Filter>Source Files</Filter>
    </ClCompile>
    <ClCompile Include="..\..\src\cnn.cpp">
      <Filter>source</Filter>
    </ClCompile>
    <ClCompile Include="..\..\src\ext_ops.cpp">
      <Filter>source</Filter>
    </ClCompile>
    <ClCompile Include="..\..\src\ns_bmp.cpp">
      <Filter>source</Filter>
    </ClCompile>
    <ClCompile Include="..\..\src\ns_register.cpp">
      <Filter>source</Filter>
    </ClCompile>
    <ClCompile Include="..\..\src\ns_utils.cpp">
      <Filter>source</Filter>
    </ClCompile>
    <ClCompile Include="..\..\src\ovmatter_bgv2_impl.cpp">
      <Filter>source</Filter>
    </ClCompile>
    <ClCompile Include="..\..\src\ovmatter.cpp">
      <Filter>source</Filter>
    </ClCompile>
    <ClCompile Include="..\..\src\ovmatter_base_impl.cpp">
      <Filter>source</Filter>
    </ClCompile>
    <ClCompile Include="..\..\src\cnn_backgroundv2.cpp">
      <Filter>source</Filter>
    </ClCompile>
  </ItemGroup>
</Project>